
Microsoft Visual Studio Solution File, Format Version 12.00
Project("{FAE04EC0-301F-11D3-BF4B-00C04F79EFBC}") = "trySkil", "trySkil.csproj", "{EB54B7DC-1AA0-4B63-A87E-3F09E0DF5120}"
EndProject
Project("{FAE04EC0-301F-11D3-BF4B-00C04F79EFBC}") = "FirstOpenGL", "FirstOpenGL\FirstOpenGL.csproj", "{B79B29D1-7709-4E67-B5D1-3CB6AC504B41}"
EndProject
Project("{FAE04EC0-301F-11D3-BF4B-00C04F79EFBC}") = "VeldridTry", "VeldridTry\VeldridTry.csproj", "{DA225770-DD6D-4DDC-BC27-09657327AEC6}"
EndProject
Project("{FAE04EC0-301F-11D3-BF4B-00C04F79EFBC}") = "Tutorial 3.5 - Lighting Maps", "OpenGL Tutorials\Tutorial 3.5 - Lighting Maps\Tutorial 3.5 - Lighting Maps.csproj", "{1E8F7F4D-37BE-48DF-B3AA-68B212CF52E4}"
EndProject
Project("{FAE04EC0-301F-11D3-BF4B-00C04F79EFBC}") = "Tutorial 4.1 - Model Loading", "OpenGL Tutorials\Tutorial 4.1 - Model Loading\Tutorial 4.1 - Model Loading.csproj", "{C6B6B7AD-81A8-42F0-B97B-4F83ABD76A51}"
EndProject
Global
	GlobalSection(SolutionConfigurationPlatforms) = preSolution
		Debug|Any CPU = Debug|Any CPU
		Release|Any CPU = Release|Any CPU
	EndGlobalSection
	GlobalSection(ProjectConfigurationPlatforms) = postSolution
		{EB54B7DC-1AA0-4B63-A87E-3F09E0DF5120}.Debug|Any CPU.ActiveCfg = Debug|Any CPU
		{EB54B7DC-1AA0-4B63-A87E-3F09E0DF5120}.Debug|Any CPU.Build.0 = Debug|Any CPU
		{EB54B7DC-1AA0-4B63-A87E-3F09E0DF5120}.Release|Any CPU.ActiveCfg = Release|Any CPU
		{EB54B7DC-1AA0-4B63-A87E-3F09E0DF5120}.Release|Any CPU.Build.0 = Release|Any CPU
		{B79B29D1-7709-4E67-B5D1-3CB6AC504B41}.Debug|Any CPU.ActiveCfg = Debug|Any CPU
		{B79B29D1-7709-4E67-B5D1-3CB6AC504B41}.Debug|Any CPU.Build.0 = Debug|Any CPU
		{B79B29D1-7709-4E67-B5D1-3CB6AC504B41}.Release|Any CPU.ActiveCfg = Release|Any CPU
		{B79B29D1-7709-4E67-B5D1-3CB6AC504B41}.Release|Any CPU.Build.0 = Release|Any CPU
		{DA225770-DD6D-4DDC-BC27-09657327AEC6}.Debug|Any CPU.ActiveCfg = Debug|Any CPU
		{DA225770-DD6D-4DDC-BC27-09657327AEC6}.Debug|Any CPU.Build.0 = Debug|Any CPU
		{DA225770-DD6D-4DDC-BC27-09657327AEC6}.Release|Any CPU.ActiveCfg = Release|Any CPU
		{DA225770-DD6D-4DDC-BC27-09657327AEC6}.Release|Any CPU.Build.0 = Release|Any CPU
		{1E8F7F4D-37BE-48DF-B3AA-68B212CF52E4}.Debug|Any CPU.ActiveCfg = Debug|Any CPU
		{1E8F7F4D-37BE-48DF-B3AA-68B212CF52E4}.Debug|Any CPU.Build.0 = Debug|Any CPU
		{1E8F7F4D-37BE-48DF-B3AA-68B212CF52E4}.Release|Any CPU.ActiveCfg = Release|Any CPU
		{1E8F7F4D-37BE-48DF-B3AA-68B212CF52E4}.Release|Any CPU.Build.0 = Release|Any CPU
		{C6B6B7AD-81A8-42F0-B97B-4F83ABD76A51}.Debug|Any CPU.ActiveCfg = Debug|Any CPU
		{C6B6B7AD-81A8-42F0-B97B-4F83ABD76A51}.Debug|Any CPU.Build.0 = Debug|Any CPU
		{C6B6B7AD-81A8-42F0-B97B-4F83ABD76A51}.Release|Any CPU.ActiveCfg = Release|Any CPU
		{C6B6B7AD-81A8-42F0-B97B-4F83ABD76A51}.Release|Any CPU.Build.0 = Release|Any CPU
	EndGlobalSection
EndGlobal
